
Microsoft Visual Studio Solution File, Format Version 12.00
# Visual Studio Version 16
VisualStudioVersion = 16.0.31129.286
MinimumVisualStudioVersion = 10.0.40219.1
Project("{9A19103F-16F7-4668-BE54-9A1E7A4F7556}") = "SoundAliasConverter", "SoundAliasConverter\SoundAliasConverter.csproj", "{96CFDF36-0EB1-4C4B-BD08-A7CACF1FDDC4}"
EndProject
Global
	GlobalSection(SolutionConfigurationPlatforms) = preSolution
		Debug|Any CPU = Debug|Any CPU
		Release|Any CPU = Release|Any CPU
	EndGlobalSection
	GlobalSection(ProjectConfigurationPlatforms) = postSolution
		{96CFDF36-0EB1-4C4B-BD08-A7CACF1FDDC4}.Debug|Any CPU.ActiveCfg = Debug|Any CPU
		{96CFDF36-0EB1-4C4B-BD08-A7CACF1FDDC4}.Debug|Any CPU.Build.0 = Debug|Any CPU
		{96CFDF36-0EB1-4C4B-BD08-A7CACF1FDDC4}.Release|Any CPU.ActiveCfg = Release|Any CPU
		{96CFDF36-0EB1-4C4B-BD08-A7CACF1FDDC4}.Release|Any CPU.Build.0 = Release|Any CPU
	EndGlobalSection
	GlobalSection(SolutionProperties) = preSolution
		HideSolutionNode = FALSE
	EndGlobalSection
	GlobalSection(ExtensibilityGlobals) = postSolution
		SolutionGuid = {578FEFA1-22BB-492E-BBA8-B525BE3C3FE3}
	EndGlobalSection
EndGlobal
